
Microsoft Visual Studio Solution File, Format Version 12.00
# Visual Studio Version 17
VisualStudioVersion = 17.9.34902.65
MinimumVisualStudioVersion = 10.0.40219.1
Project("{FAE04EC0-301F-11D3-BF4B-00C04F79EFBC}") = "module3", "module3.csproj", "{9A58D988-3B0C-48D1-B494-AFC6405EEBEA}"
EndProject
Global
	GlobalSection(SolutionConfigurationPlatforms) = preSolution
		Debug|Any CPU = Debug|Any CPU
		Release|Any CPU = Release|Any CPU
	EndGlobalSection
	GlobalSection(ProjectConfigurationPlatforms) = postSolution
		{9A58D988-3B0C-48D1-B494-AFC6405EEBEA}.Debug|Any CPU.ActiveCfg = Debug|Any CPU
		{9A58D988-3B0C-48D1-B494-AFC6405EEBEA}.Debug|Any CPU.Build.0 = Debug|Any CPU
		{9A58D988-3B0C-48D1-B494-AFC6405EEBEA}.Release|Any CPU.ActiveCfg = Release|Any CPU
		{9A58D988-3B0C-48D1-B494-AFC6405EEBEA}.Release|Any CPU.Build.0 = Release|Any CPU
	EndGlobalSection
	GlobalSection(SolutionProperties) = preSolution
		HideSolutionNode = FALSE
	EndGlobalSection
	GlobalSection(ExtensibilityGlobals) = postSolution
		SolutionGuid = {FF25BA4D-5D36-4477-8AE2-87732B7EF982}
	EndGlobalSection
EndGlobal
