
Microsoft Visual Studio Solution File, Format Version 12.00
# Visual Studio Version 17
VisualStudioVersion = 17.9.34902.65
MinimumVisualStudioVersion = 10.0.40219.1
Project("{FAE04EC0-301F-11D3-BF4B-00C04F79EFBC}") = "Revision", "Revision.csproj", "{0A4B4B92-FF04-40D8-8563-89D20370C1FF}"
EndProject
Global
	GlobalSection(SolutionConfigurationPlatforms) = preSolution
		Debug|Any CPU = Debug|Any CPU
		Release|Any CPU = Release|Any CPU
	EndGlobalSection
	GlobalSection(ProjectConfigurationPlatforms) = postSolution
		{0A4B4B92-FF04-40D8-8563-89D20370C1FF}.Debug|Any CPU.ActiveCfg = Debug|Any CPU
		{0A4B4B92-FF04-40D8-8563-89D20370C1FF}.Debug|Any CPU.Build.0 = Debug|Any CPU
		{0A4B4B92-FF04-40D8-8563-89D20370C1FF}.Release|Any CPU.ActiveCfg = Release|Any CPU
		{0A4B4B92-FF04-40D8-8563-89D20370C1FF}.Release|Any CPU.Build.0 = Release|Any CPU
	EndGlobalSection
	GlobalSection(SolutionProperties) = preSolution
		HideSolutionNode = FALSE
	EndGlobalSection
	GlobalSection(ExtensibilityGlobals) = postSolution
		SolutionGuid = {78AAAA9E-1A80-48C0-8A3A-89749156518B}
	EndGlobalSection
EndGlobal
